// !$*UTF8*$!
{
	archiveVersion = 1;
	classes = {
	};
	objectVersion = 77;
	objects = {

/* Begin PBXBuildFile section */
		0658571AEF2C833D13B06261 /* DrawPadLogger.swift in Sources */ = {isa = PBXBuildFile; fileRef = 0C49003D1C9C6BE02691BE01 /* DrawPadLogger.swift */; };
		0C1C54EB9558B0C6662E5DA5 /* Stroke.swift in Sources */ = {isa = PBXBuildFile; fileRef = 733BD789942C9389511F4FC4 /* Stroke.swift */; };
		16FCC8D680DF3A1DDDD5F0B0 /* CoordinateMapper.swift in Sources */ = {isa = PBXBuildFile; fileRef = 214EC52A258F09129AC1B420 /* CoordinateMapper.swift */; };
		1B17C6D20741D0AF861B8C9C /* PeerConnection.swift in Sources */ = {isa = PBXBuildFile; fileRef = DC77CCA4893E742BB71BE046 /* PeerConnection.swift */; };
		1C2394EC6F776AF8EF7CFF76 /* PacketFramer.swift in Sources */ = {isa = PBXBuildFile; fileRef = 80D162ED5A76FC1F060F666A /* PacketFramer.swift */; };
		1DACDB75D51F561428DC5C24 /* ConnectionChannel.swift in Sources */ = {isa = PBXBuildFile; fileRef = A644994CC9E3F04FBBE947CF /* ConnectionChannel.swift */; };
		21C0A33920E4A4A808E26754 /* DrawingTool.swift in Sources */ = {isa = PBXBuildFile; fileRef = 881FDAA1EBF65ABC9A116BE6 /* DrawingTool.swift */; };
		34AE6624431843CB26D04878 /* ControlPacketTests.swift in Sources */ = {isa = PBXBuildFile; fileRef = 813D57CD742103BDC8C53664 /* ControlPacketTests.swift */; };
		38BFA26AFEC661DBBEF9FBDF /* DisplayDescriptor.swift in Sources */ = {isa = PBXBuildFile; fileRef = 1F2BB3414392B48A51CEE25B /* DisplayDescriptor.swift */; };
		39C855BDC18F8166557062FC /* VideoDisplayView.swift in Sources */ = {isa = PBXBuildFile; fileRef = B5BCF600A7CA5F980DF2FB5F /* VideoDisplayView.swift */; };
		39E2F04095ED0B13E9CD7FD5 /* StrokeStyle.swift in Sources */ = {isa = PBXBuildFile; fileRef = C7EB97D3EF83DF862F4FED90 /* StrokeStyle.swift */; };
		3AB3086CF49B9CEC2405BDAB /* StrokeStyle.swift in Sources */ = {isa = PBXBuildFile; fileRef = C7EB97D3EF83DF862F4FED90 /* StrokeStyle.swift */; };
		3E5B8E5466F1D55CA6692C48 /* ControlPacket.swift in Sources */ = {isa = PBXBuildFile; fileRef = 74C8C121964E22B36C3F348B /* ControlPacket.swift */; };
		40B0CDA8174993DE996DC41B /* ConnectionChannel.swift in Sources */ = {isa = PBXBuildFile; fileRef = A644994CC9E3F04FBBE947CF /* ConnectionChannel.swift */; };
		43EA0EB9F8C9E34299A18357 /* StrokeHitTestingTests.swift in Sources */ = {isa = PBXBuildFile; fileRef = 474323E04D6A40F568AE0E6A /* StrokeHitTestingTests.swift */; };
		43EAFC95711AA4E4B3F22E33 /* DrawPadLogger.swift in Sources */ = {isa = PBXBuildFile; fileRef = 0C49003D1C9C6BE02691BE01 /* DrawPadLogger.swift */; };
		470A80DA5C4266D798D46C7A /* CoordinateMapper.swift in Sources */ = {isa = PBXBuildFile; fileRef = 214EC52A258F09129AC1B420 /* CoordinateMapper.swift */; };
		47C6C8545A5FF6612B09F892 /* DrawingToolbar.swift in Sources */ = {isa = PBXBuildFile; fileRef = 084DEA9FC55BF181CE3772B4 /* DrawingToolbar.swift */; };
		49616D6F4533D45DACBB09E1 /* DisplayDescriptor.swift in Sources */ = {isa = PBXBuildFile; fileRef = 1F2BB3414392B48A51CEE25B /* DisplayDescriptor.swift */; };
		4A04FB5536C065EA3E4E7977 /* DrawingTool.swift in Sources */ = {isa = PBXBuildFile; fileRef = 881FDAA1EBF65ABC9A116BE6 /* DrawingTool.swift */; };
		55851FBDEA1177BCCE663B2D /* DrawingState.swift in Sources */ = {isa = PBXBuildFile; fileRef = 654479052FA96693988B0972 /* DrawingState.swift */; };
		55E954BD4D4C218B92BE52FF /* DrawingState.swift in Sources */ = {isa = PBXBuildFile; fileRef = 654479052FA96693988B0972 /* DrawingState.swift */; };
		563845E26E51D6AB49C43BF9 /* DisplayManager.swift in Sources */ = {isa = PBXBuildFile; fileRef = E269ADDFD238BA279BE675C3 /* DisplayManager.swift */; };
		57532184A5C0376820C084F9 /* StrokePoint.swift in Sources */ = {isa = PBXBuildFile; fileRef = 751C3FA82135C713E7CC3C5E /* StrokePoint.swift */; };
		5A8441971662D53237481943 /* Stroke.swift in Sources */ = {isa = PBXBuildFile; fileRef = 733BD789942C9389511F4FC4 /* Stroke.swift */; };
		5B6D653B3C0CA440A0835078 /* DrawPadiPadApp.swift in Sources */ = {isa = PBXBuildFile; fileRef = 10847594C583016B7DEFE325 /* DrawPadiPadApp.swift */; };
		5F36555D07A7610F8EA4D051 /* StrokeHitTesting.swift in Sources */ = {isa = PBXBuildFile; fileRef = 7487FCD6F379FAF5D453CFDF /* StrokeHitTesting.swift */; };
		604AB75AA916D011722472B7 /* TouchDrawingView.swift in Sources */ = {isa = PBXBuildFile; fileRef = 6067FCC3443283A662EC780B /* TouchDrawingView.swift */; };
		60F35E73575BAFABBFD9AA9F /* H264Decoder.swift in Sources */ = {isa = PBXBuildFile; fileRef = 09F18AB429B307A328A84DA1 /* H264Decoder.swift */; };
		66D60F884126403867EF0A0B /* PacketFramer.swift in Sources */ = {isa = PBXBuildFile; fileRef = 80D162ED5A76FC1F060F666A /* PacketFramer.swift */; };
		6C56681539394CBC9000F024 /* ProtocolVersion.swift in Sources */ = {isa = PBXBuildFile; fileRef = F74376F46535C318848DAD21 /* ProtocolVersion.swift */; };
		712CB5BF98B8E90B5FB8AE68 /* MacAnnotationView.swift in Sources */ = {isa = PBXBuildFile; fileRef = 5529AF49B960D02AF66C050F /* MacAnnotationView.swift */; };
		769D2C989EDF257A4C1F6D9C /* StrokePoint.swift in Sources */ = {isa = PBXBuildFile; fileRef = 751C3FA82135C713E7CC3C5E /* StrokePoint.swift */; };
		788C05CE4321646E7A21BC7E /* DrawingScreen.swift in Sources */ = {isa = PBXBuildFile; fileRef = F9BC09BCB331FA8FC0570557 /* DrawingScreen.swift */; };
		7B1B0E8C53908097B1B1F320 /* MacMainView.swift in Sources */ = {isa = PBXBuildFile; fileRef = 279F7BB3CC0FFCA2A0055E6A /* MacMainView.swift */; };
		84F1AE2724A140BB626EE415 /* StrokePoint.swift in Sources */ = {isa = PBXBuildFile; fileRef = 751C3FA82135C713E7CC3C5E /* StrokePoint.swift */; };
		928F85AEC0EF55D0B73D1ADD /* StrokeStyle.swift in Sources */ = {isa = PBXBuildFile; fileRef = C7EB97D3EF83DF862F4FED90 /* StrokeStyle.swift */; };
		95865FEE0C2CA9E15BEA33A3 /* MacNetworkServer.swift in Sources */ = {isa = PBXBuildFile; fileRef = 5B1367405A0099A80BE461D5 /* MacNetworkServer.swift */; };
		9B005348B0B466358A79A99C /* DrawingState.swift in Sources */ = {isa = PBXBuildFile; fileRef = 654479052FA96693988B0972 /* DrawingState.swift */; };
		A1AA82EFBE2D43BEB4ED7C85 /* PeerConnection.swift in Sources */ = {isa = PBXBuildFile; fileRef = DC77CCA4893E742BB71BE046 /* PeerConnection.swift */; };
		A96217E40935F6E7E3C69B57 /* Stroke.swift in Sources */ = {isa = PBXBuildFile; fileRef = 733BD789942C9389511F4FC4 /* Stroke.swift */; };
		B40EBA6481430A0B5242993A /* DiscoveryView.swift in Sources */ = {isa = PBXBuildFile; fileRef = FD327110E7AA0DD01352A50D /* DiscoveryView.swift */; };
		B473975D04A8B9931A0BE717 /* ConnectionStatusView.swift in Sources */ = {isa = PBXBuildFile; fileRef = 3CF42DEB62FD7FC3DF45F0DF /* ConnectionStatusView.swift */; };
		C5C61A30D11F69D697121B14 /* PacketFramer.swift in Sources */ = {isa = PBXBuildFile; fileRef = 80D162ED5A76FC1F060F666A /* PacketFramer.swift */; };
		CD9316A280AAC9AFA0C1F1E3 /* iPadNetworkClient.swift in Sources */ = {isa = PBXBuildFile; fileRef = 206A1E994A984D17C08EFD20 /* iPadNetworkClient.swift */; };
		D1DDCBFEF6D666AEABAE921B /* ProtocolVersion.swift in Sources */ = {isa = PBXBuildFile; fileRef = F74376F46535C318848DAD21 /* ProtocolVersion.swift */; };
		D232BB716E038FD37B1E8A6E /* CoordinateMapperTests.swift in Sources */ = {isa = PBXBuildFile; fileRef = 07BB67A1354D8E741CB8B896 /* CoordinateMapperTests.swift */; };
		D25FDE6E511818A11CE51990 /* ProtocolVersion.swift in Sources */ = {isa = PBXBuildFile; fileRef = F74376F46535C318848DAD21 /* ProtocolVersion.swift */; };
		D44D0FB1A6468F8D0515F4D1 /* PeerConnection.swift in Sources */ = {isa = PBXBuildFile; fileRef = DC77CCA4893E742BB71BE046 /* PeerConnection.swift */; };
		DCD7B4ABE5BCBBE94612FB4A /* DisplayDescriptor.swift in Sources */ = {isa = PBXBuildFile; fileRef = 1F2BB3414392B48A51CEE25B /* DisplayDescriptor.swift */; };
		E15265467DB67FCB1D0C5A87 /* StrokeHitTesting.swift in Sources */ = {isa = PBXBuildFile; fileRef = 7487FCD6F379FAF5D453CFDF /* StrokeHitTesting.swift */; };
		E4956A562945267E72104177 /* ScreenCaptureManager.swift in Sources */ = {isa = PBXBuildFile; fileRef = 7530C47203413CA0A9B1FE58 /* ScreenCaptureManager.swift */; };
		E4CB6CF1114697B26D54CC18 /* DrawingTool.swift in Sources */ = {isa = PBXBuildFile; fileRef = 881FDAA1EBF65ABC9A116BE6 /* DrawingTool.swift */; };
		E4F02CCE7EBE4F0D601C1D87 /* H264Encoder.swift in Sources */ = {isa = PBXBuildFile; fileRef = D1AE63A02FDB9E3EF838A55E /* H264Encoder.swift */; };
		E692D2D2BA7EA17FCBED9AF7 /* ControlPacket.swift in Sources */ = {isa = PBXBuildFile; fileRef = 74C8C121964E22B36C3F348B /* ControlPacket.swift */; };
		F1F38035525CC7467EC0729E /* ConnectionChannel.swift in Sources */ = {isa = PBXBuildFile; fileRef = A644994CC9E3F04FBBE947CF /* ConnectionChannel.swift */; };
		F22FD5AD659D555640586AC2 /* ControlPacket.swift in Sources */ = {isa = PBXBuildFile; fileRef = 74C8C121964E22B36C3F348B /* ControlPacket.swift */; };
		F2CE3252FC619838C790B353 /* DrawPadMacApp.swift in Sources */ = {isa = PBXBuildFile; fileRef = 7E366F4B535C34E2CBCBB2DD /* DrawPadMacApp.swift */; };
		F48153F81571A4A72DEC7D30 /* StrokeHitTesting.swift in Sources */ = {isa = PBXBuildFile; fileRef = 7487FCD6F379FAF5D453CFDF /* StrokeHitTesting.swift */; };
		F6138F9949C73EF30D2AB434 /* OverlayWindowController.swift in Sources */ = {isa = PBXBuildFile; fileRef = 5FC86458539F64B1648EF3EB /* OverlayWindowController.swift */; };
		FBBECE93D6DE1902DA0B594F /* PacketFramerTests.swift in Sources */ = {isa = PBXBuildFile; fileRef = 4FDCB2D7848A3D85F743AFC3 /* PacketFramerTests.swift */; };
		FD36808E65D18E1B7B3C2CA1 /* DrawPadLogger.swift in Sources */ = {isa = PBXBuildFile; fileRef = 0C49003D1C9C6BE02691BE01 /* DrawPadLogger.swift */; };
		FDA8364FB2DA4506A21B1F08 /* CoordinateMapper.swift in Sources */ = {isa = PBXBuildFile; fileRef = 214EC52A258F09129AC1B420 /* CoordinateMapper.swift */; };
/* End PBXBuildFile section */

/* Begin PBXFileReference section */
		07BB67A1354D8E741CB8B896 /* CoordinateMapperTests.swift */ = {isa = PBXFileReference; lastKnownFileType = sourcecode.swift; path = CoordinateMapperTests.swift; sourceTree = "<group>"; };
		084DEA9FC55BF181CE3772B4 /* DrawingToolbar.swift */ = {isa = PBXFileReference; lastKnownFileType = sourcecode.swift; path = DrawingToolbar.swift; sourceTree = "<group>"; };
		09F18AB429B307A328A84DA1 /* H264Decoder.swift */ = {isa = PBXFileReference; lastKnownFileType = sourcecode.swift; path = H264Decoder.swift; sourceTree = "<group>"; };
		0C49003D1C9C6BE02691BE01 /* DrawPadLogger.swift */ = {isa = PBXFileReference; lastKnownFileType = sourcecode.swift; path = DrawPadLogger.swift; sourceTree = "<group>"; };
		10847594C583016B7DEFE325 /* DrawPadiPadApp.swift */ = {isa = PBXFileReference; lastKnownFileType = sourcecode.swift; path = DrawPadiPadApp.swift; sourceTree = "<group>"; };
		1F2BB3414392B48A51CEE25B /* DisplayDescriptor.swift */ = {isa = PBXFileReference; lastKnownFileType = sourcecode.swift; path = DisplayDescriptor.swift; sourceTree = "<group>"; };
		206A1E994A984D17C08EFD20 /* iPadNetworkClient.swift */ = {isa = PBXFileReference; lastKnownFileType = sourcecode.swift; path = iPadNetworkClient.swift; sourceTree = "<group>"; };
		214EC52A258F09129AC1B420 /* CoordinateMapper.swift */ = {isa = PBXFileReference; lastKnownFileType = sourcecode.swift; path = CoordinateMapper.swift; sourceTree = "<group>"; };
		279F7BB3CC0FFCA2A0055E6A /* MacMainView.swift */ = {isa = PBXFileReference; lastKnownFileType = sourcecode.swift; path = MacMainView.swift; sourceTree = "<group>"; };
		3CF42DEB62FD7FC3DF45F0DF /* ConnectionStatusView.swift */ = {isa = PBXFileReference; lastKnownFileType = sourcecode.swift; path = ConnectionStatusView.swift; sourceTree = "<group>"; };
		439B08F2DBD45EAF4DDE6595 /* Info.plist */ = {isa = PBXFileReference; lastKnownFileType = text.plist; path = Info.plist; sourceTree = "<group>"; };
		474323E04D6A40F568AE0E6A /* StrokeHitTestingTests.swift */ = {isa = PBXFileReference; lastKnownFileType = sourcecode.swift; path = StrokeHitTestingTests.swift; sourceTree = "<group>"; };
		4ECEFAA8696F02797865C3C0 /* DrawPadiPad.app */ = {isa = PBXFileReference; includeInIndex = 0; lastKnownFileType = wrapper.application; path = DrawPadiPad.app; sourceTree = BUILT_PRODUCTS_DIR; };
		4FDCB2D7848A3D85F743AFC3 /* PacketFramerTests.swift */ = {isa = PBXFileReference; lastKnownFileType = sourcecode.swift; path = PacketFramerTests.swift; sourceTree = "<group>"; };
		5529AF49B960D02AF66C050F /* MacAnnotationView.swift */ = {isa = PBXFileReference; lastKnownFileType = sourcecode.swift; path = MacAnnotationView.swift; sourceTree = "<group>"; };
		5B1367405A0099A80BE461D5 /* MacNetworkServer.swift */ = {isa = PBXFileReference; lastKnownFileType = sourcecode.swift; path = MacNetworkServer.swift; sourceTree = "<group>"; };
		5FC86458539F64B1648EF3EB /* OverlayWindowController.swift */ = {isa = PBXFileReference; lastKnownFileType = sourcecode.swift; path = OverlayWindowController.swift; sourceTree = "<group>"; };
		6067FCC3443283A662EC780B /* TouchDrawingView.swift */ = {isa = PBXFileReference; lastKnownFileType = sourcecode.swift; path = TouchDrawingView.swift; sourceTree = "<group>"; };
		625CB10526D48A919FFAE8B4 /* DrawPadMac.entitlements */ = {isa = PBXFileReference; lastKnownFileType = text.plist.entitlements; path = DrawPadMac.entitlements; sourceTree = "<group>"; };
		654479052FA96693988B0972 /* DrawingState.swift */ = {isa = PBXFileReference; lastKnownFileType = sourcecode.swift; path = DrawingState.swift; sourceTree = "<group>"; };
		733BD789942C9389511F4FC4 /* Stroke.swift */ = {isa = PBXFileReference; lastKnownFileType = sourcecode.swift; path = Stroke.swift; sourceTree = "<group>"; };
		7487FCD6F379FAF5D453CFDF /* StrokeHitTesting.swift */ = {isa = PBXFileReference; lastKnownFileType = sourcecode.swift; path = StrokeHitTesting.swift; sourceTree = "<group>"; };
		74C8C121964E22B36C3F348B /* ControlPacket.swift */ = {isa = PBXFileReference; lastKnownFileType = sourcecode.swift; path = ControlPacket.swift; sourceTree = "<group>"; };
		751C3FA82135C713E7CC3C5E /* StrokePoint.swift */ = {isa = PBXFileReference; lastKnownFileType = sourcecode.swift; path = StrokePoint.swift; sourceTree = "<group>"; };
		7530C47203413CA0A9B1FE58 /* ScreenCaptureManager.swift */ = {isa = PBXFileReference; lastKnownFileType = sourcecode.swift; path = ScreenCaptureManager.swift; sourceTree = "<group>"; };
		7E366F4B535C34E2CBCBB2DD /* DrawPadMacApp.swift */ = {isa = PBXFileReference; lastKnownFileType = sourcecode.swift; path = DrawPadMacApp.swift; sourceTree = "<group>"; };
		80D162ED5A76FC1F060F666A /* PacketFramer.swift */ = {isa = PBXFileReference; lastKnownFileType = sourcecode.swift; path = PacketFramer.swift; sourceTree = "<group>"; };
		813D57CD742103BDC8C53664 /* ControlPacketTests.swift */ = {isa = PBXFileReference; lastKnownFileType = sourcecode.swift; path = ControlPacketTests.swift; sourceTree = "<group>"; };
		881FDAA1EBF65ABC9A116BE6 /* DrawingTool.swift */ = {isa = PBXFileReference; lastKnownFileType = sourcecode.swift; path = DrawingTool.swift; sourceTree = "<group>"; };
		A644994CC9E3F04FBBE947CF /* ConnectionChannel.swift */ = {isa = PBXFileReference; lastKnownFileType = sourcecode.swift; path = ConnectionChannel.swift; sourceTree = "<group>"; };
		B5BCF600A7CA5F980DF2FB5F /* VideoDisplayView.swift */ = {isa = PBXFileReference; lastKnownFileType = sourcecode.swift; path = VideoDisplayView.swift; sourceTree = "<group>"; };
		C7EB97D3EF83DF862F4FED90 /* StrokeStyle.swift */ = {isa = PBXFileReference; lastKnownFileType = sourcecode.swift; path = StrokeStyle.swift; sourceTree = "<group>"; };
		D1AE63A02FDB9E3EF838A55E /* H264Encoder.swift */ = {isa = PBXFileReference; lastKnownFileType = sourcecode.swift; path = H264Encoder.swift; sourceTree = "<group>"; };
		DC77CCA4893E742BB71BE046 /* PeerConnection.swift */ = {isa = PBXFileReference; lastKnownFileType = sourcecode.swift; path = PeerConnection.swift; sourceTree = "<group>"; };
		DEE772DFC9DC2581064991A0 /* DrawPadTests.xctest */ = {isa = PBXFileReference; explicitFileType = wrapper.cfbundle; includeInIndex = 0; path = DrawPadTests.xctest; sourceTree = BUILT_PRODUCTS_DIR; };
		E269ADDFD238BA279BE675C3 /* DisplayManager.swift */ = {isa = PBXFileReference; lastKnownFileType = sourcecode.swift; path = DisplayManager.swift; sourceTree = "<group>"; };
		F74376F46535C318848DAD21 /* ProtocolVersion.swift */ = {isa = PBXFileReference; lastKnownFileType = sourcecode.swift; path = ProtocolVersion.swift; sourceTree = "<group>"; };
		F9BC09BCB331FA8FC0570557 /* DrawingScreen.swift */ = {isa = PBXFileReference; lastKnownFileType = sourcecode.swift; path = DrawingScreen.swift; sourceTree = "<group>"; };
		FCCB8FAAAA9C1DEBC8573814 /* DrawPadMac.app */ = {isa = PBXFileReference; explicitFileType = wrapper.application; includeInIndex = 0; path = DrawPadMac.app; sourceTree = BUILT_PRODUCTS_DIR; };
		FD327110E7AA0DD01352A50D /* DiscoveryView.swift */ = {isa = PBXFileReference; lastKnownFileType = sourcecode.swift; path = DiscoveryView.swift; sourceTree = "<group>"; };
/* End PBXFileReference section */

/* Begin PBXGroup section */
		09012EE164E056BFA9CA824A /* Drawing */ = {
			isa = PBXGroup;
			children = (
				214EC52A258F09129AC1B420 /* CoordinateMapper.swift */,
				654479052FA96693988B0972 /* DrawingState.swift */,
				7487FCD6F379FAF5D453CFDF /* StrokeHitTesting.swift */,
			);
			path = Drawing;
			sourceTree = "<group>";
		};
		0AD83E530D0801A22C4E7B3F /* Capture */ = {
			isa = PBXGroup;
			children = (
				E269ADDFD238BA279BE675C3 /* DisplayManager.swift */,
				7530C47203413CA0A9B1FE58 /* ScreenCaptureManager.swift */,
			);
			path = Capture;
			sourceTree = "<group>";
		};
		1876C8EF44A9A563B6B271EA /* macOS */ = {
			isa = PBXGroup;
			children = (
				625CB10526D48A919FFAE8B4 /* DrawPadMac.entitlements */,
				7E366F4B535C34E2CBCBB2DD /* DrawPadMacApp.swift */,
				0AD83E530D0801A22C4E7B3F /* Capture */,
				9E813FA768C00DEB7DC4BA68 /* Network */,
				613A1C38B4358EBF4D2AA6AE /* Overlay */,
				CAC7CCDA74D4A9F26E6CD602 /* UI */,
				1D26D96DEE17D3029B7F4B7C /* Video */,
			);
			path = macOS;
			sourceTree = "<group>";
		};
		1D26D96DEE17D3029B7F4B7C /* Video */ = {
			isa = PBXGroup;
			children = (
				D1AE63A02FDB9E3EF838A55E /* H264Encoder.swift */,
			);
			path = Video;
			sourceTree = "<group>";
		};
		2EA476B9F7A25DECA6F6D421 /* Tests */ = {
			isa = PBXGroup;
			children = (
				813D57CD742103BDC8C53664 /* ControlPacketTests.swift */,
				07BB67A1354D8E741CB8B896 /* CoordinateMapperTests.swift */,
				4FDCB2D7848A3D85F743AFC3 /* PacketFramerTests.swift */,
				474323E04D6A40F568AE0E6A /* StrokeHitTestingTests.swift */,
			);
			path = Tests;
			sourceTree = "<group>";
		};
		3024A008173EBFE586DEECCD /* Models */ = {
			isa = PBXGroup;
			children = (
				1F2BB3414392B48A51CEE25B /* DisplayDescriptor.swift */,
				881FDAA1EBF65ABC9A116BE6 /* DrawingTool.swift */,
				733BD789942C9389511F4FC4 /* Stroke.swift */,
				751C3FA82135C713E7CC3C5E /* StrokePoint.swift */,
				C7EB97D3EF83DF862F4FED90 /* StrokeStyle.swift */,
			);
			path = Models;
			sourceTree = "<group>";
		};
		32C95BFA1D349883EE6EBA45 /* Shared */ = {
			isa = PBXGroup;
			children = (
				09012EE164E056BFA9CA824A /* Drawing */,
				660AB0D67BAA235B8CCF2352 /* Logging */,
				3024A008173EBFE586DEECCD /* Models */,
				6698CFCFEDD0A8FD515CECA9 /* Protocol */,
			);
			path = Shared;
			sourceTree = "<group>";
		};
		365FD7F6CC05308AAFC08D29 /* Drawing */ = {
			isa = PBXGroup;
			children = (
				6067FCC3443283A662EC780B /* TouchDrawingView.swift */,
			);
			path = Drawing;
			sourceTree = "<group>";
		};
		613A1C38B4358EBF4D2AA6AE /* Overlay */ = {
			isa = PBXGroup;
			children = (
				5529AF49B960D02AF66C050F /* MacAnnotationView.swift */,
				5FC86458539F64B1648EF3EB /* OverlayWindowController.swift */,
			);
			path = Overlay;
			sourceTree = "<group>";
		};
		660AB0D67BAA235B8CCF2352 /* Logging */ = {
			isa = PBXGroup;
			children = (
				0C49003D1C9C6BE02691BE01 /* DrawPadLogger.swift */,
			);
			path = Logging;
			sourceTree = "<group>";
		};
		6698CFCFEDD0A8FD515CECA9 /* Protocol */ = {
			isa = PBXGroup;
			children = (
				A644994CC9E3F04FBBE947CF /* ConnectionChannel.swift */,
				74C8C121964E22B36C3F348B /* ControlPacket.swift */,
				80D162ED5A76FC1F060F666A /* PacketFramer.swift */,
				DC77CCA4893E742BB71BE046 /* PeerConnection.swift */,
				F74376F46535C318848DAD21 /* ProtocolVersion.swift */,
			);
			path = Protocol;
			sourceTree = "<group>";
		};
		98DC6144D05BDFA8092FCFDC /* Network */ = {
			isa = PBXGroup;
			children = (
				206A1E994A984D17C08EFD20 /* iPadNetworkClient.swift */,
			);
			path = Network;
			sourceTree = "<group>";
		};
		9E813FA768C00DEB7DC4BA68 /* Network */ = {
			isa = PBXGroup;
			children = (
				5B1367405A0099A80BE461D5 /* MacNetworkServer.swift */,
			);
			path = Network;
			sourceTree = "<group>";
		};
		A1A3ACE5FA2D88A1E9BC3CD2 /* iPadOS */ = {
			isa = PBXGroup;
			children = (
				10847594C583016B7DEFE325 /* DrawPadiPadApp.swift */,
				439B08F2DBD45EAF4DDE6595 /* Info.plist */,
				365FD7F6CC05308AAFC08D29 /* Drawing */,
				98DC6144D05BDFA8092FCFDC /* Network */,
				DEDE7C99D73B97EDDA9F408D /* UI */,
				B9C213F0FC484DC1BAD46E54 /* Video */,
			);
			path = iPadOS;
			sourceTree = "<group>";
		};
		AF6108945451AE82985E1B7D = {
			isa = PBXGroup;
			children = (
				A1A3ACE5FA2D88A1E9BC3CD2 /* iPadOS */,
				1876C8EF44A9A563B6B271EA /* macOS */,
				32C95BFA1D349883EE6EBA45 /* Shared */,
				2EA476B9F7A25DECA6F6D421 /* Tests */,
				E9DC701C9E0D66A52335984B /* Products */,
			);
			sourceTree = "<group>";
		};
		B9C213F0FC484DC1BAD46E54 /* Video */ = {
			isa = PBXGroup;
			children = (
				09F18AB429B307A328A84DA1 /* H264Decoder.swift */,
				B5BCF600A7CA5F980DF2FB5F /* VideoDisplayView.swift */,
			);
			path = Video;
			sourceTree = "<group>";
		};
		CAC7CCDA74D4A9F26E6CD602 /* UI */ = {
			isa = PBXGroup;
			children = (
				3CF42DEB62FD7FC3DF45F0DF /* ConnectionStatusView.swift */,
				279F7BB3CC0FFCA2A0055E6A /* MacMainView.swift */,
			);
			path = UI;
			sourceTree = "<group>";
		};
		DEDE7C99D73B97EDDA9F408D /* UI */ = {
			isa = PBXGroup;
			children = (
				FD327110E7AA0DD01352A50D /* DiscoveryView.swift */,
				F9BC09BCB331FA8FC0570557 /* DrawingScreen.swift */,
				084DEA9FC55BF181CE3772B4 /* DrawingToolbar.swift */,
			);
			path = UI;
			sourceTree = "<group>";
		};
		E9DC701C9E0D66A52335984B /* Products */ = {
			isa = PBXGroup;
			children = (
				4ECEFAA8696F02797865C3C0 /* DrawPadiPad.app */,
				FCCB8FAAAA9C1DEBC8573814 /* DrawPadMac.app */,
				DEE772DFC9DC2581064991A0 /* DrawPadTests.xctest */,
			);
			name = Products;
			sourceTree = "<group>";
		};
/* End PBXGroup section */

/* Begin PBXNativeTarget section */
		21272A4D853C7816D388F55A /* DrawPadiPad */ = {
			isa = PBXNativeTarget;
			buildConfigurationList = C38A75280C123EC30EC8FB87 /* Build configuration list for PBXNativeTarget "DrawPadiPad" */;
			buildPhases = (
				85DB051CEAA29BF7A8FBBD84 /* Sources */,
			);
			buildRules = (
			);
			dependencies = (
			);
			name = DrawPadiPad;
			packageProductDependencies = (
			);
			productName = DrawPadiPad;
			productReference = 4ECEFAA8696F02797865C3C0 /* DrawPadiPad.app */;
			productType = "com.apple.product-type.application";
		};
		4880C774C3366B17D3D597D5 /* DrawPadMac */ = {
			isa = PBXNativeTarget;
			buildConfigurationList = E88661E19DC483BB21032BEE /* Build configuration list for PBXNativeTarget "DrawPadMac" */;
			buildPhases = (
				40B5C706B2AEF1C20E8AD26D /* Sources */,
			);
			buildRules = (
			);
			dependencies = (
			);
			name = DrawPadMac;
			packageProductDependencies = (
			);
			productName = DrawPadMac;
			productReference = FCCB8FAAAA9C1DEBC8573814 /* DrawPadMac.app */;
			productType = "com.apple.product-type.application";
		};
		FEF478096BF11D7029197491 /* DrawPadTests */ = {
			isa = PBXNativeTarget;
			buildConfigurationList = 28F898103EBE2AEBE64A7B6D /* Build configuration list for PBXNativeTarget "DrawPadTests" */;
			buildPhases = (
				BC47D50FD51413BBAA401152 /* Sources */,
			);
			buildRules = (
			);
			dependencies = (
			);
			name = DrawPadTests;
			packageProductDependencies = (
			);
			productName = DrawPadTests;
			productReference = DEE772DFC9DC2581064991A0 /* DrawPadTests.xctest */;
			productType = "com.apple.product-type.bundle.unit-test";
		};
/* End PBXNativeTarget section */

/* Begin PBXProject section */
		044993620E2506AB73C22AD1 /* Project object */ = {
			isa = PBXProject;
			attributes = {
				BuildIndependentTargetsInParallel = YES;
				LastUpgradeCheck = 1430;
				TargetAttributes = {
					21272A4D853C7816D388F55A = {
						DevelopmentTeam = M3A5V2ZKZ4;
						ProvisioningStyle = Automatic;
					};
					4880C774C3366B17D3D597D5 = {
						DevelopmentTeam = M3A5V2ZKZ4;
						ProvisioningStyle = Automatic;
					};
				};
			};
			buildConfigurationList = F0DD6A3F54D71D4E6D70E8BF /* Build configuration list for PBXProject "DrawPad" */;
			developmentRegion = en;
			hasScannedForEncodings = 0;
			knownRegions = (
				Base,
				en,
			);
			mainGroup = AF6108945451AE82985E1B7D;
			minimizedProjectReferenceProxies = 1;
			preferredProjectObjectVersion = 77;
			productRefGroup = E9DC701C9E0D66A52335984B /* Products */;
			projectDirPath = "";
			projectRoot = "";
			targets = (
				4880C774C3366B17D3D597D5 /* DrawPadMac */,
				21272A4D853C7816D388F55A /* DrawPadiPad */,
				FEF478096BF11D7029197491 /* DrawPadTests */,
			);
		};
/* End PBXProject section */

/* Begin PBXSourcesBuildPhase section */
		40B5C706B2AEF1C20E8AD26D /* Sources */ = {
			isa = PBXSourcesBuildPhase;
			buildActionMask = 2147483647;
			files = (
				1DACDB75D51F561428DC5C24 /* ConnectionChannel.swift in Sources */,
				B473975D04A8B9931A0BE717 /* ConnectionStatusView.swift in Sources */,
				E692D2D2BA7EA17FCBED9AF7 /* ControlPacket.swift in Sources */,
				FDA8364FB2DA4506A21B1F08 /* CoordinateMapper.swift in Sources */,
				DCD7B4ABE5BCBBE94612FB4A /* DisplayDescriptor.swift in Sources */,
				563845E26E51D6AB49C43BF9 /* DisplayManager.swift in Sources */,
				0658571AEF2C833D13B06261 /* DrawPadLogger.swift in Sources */,
				F2CE3252FC619838C790B353 /* DrawPadMacApp.swift in Sources */,
				9B005348B0B466358A79A99C /* DrawingState.swift in Sources */,
				4A04FB5536C065EA3E4E7977 /* DrawingTool.swift in Sources */,
				E4F02CCE7EBE4F0D601C1D87 /* H264Encoder.swift in Sources */,
				712CB5BF98B8E90B5FB8AE68 /* MacAnnotationView.swift in Sources */,
				7B1B0E8C53908097B1B1F320 /* MacMainView.swift in Sources */,
				95865FEE0C2CA9E15BEA33A3 /* MacNetworkServer.swift in Sources */,
				F6138F9949C73EF30D2AB434 /* OverlayWindowController.swift in Sources */,
				C5C61A30D11F69D697121B14 /* PacketFramer.swift in Sources */,
				D44D0FB1A6468F8D0515F4D1 /* PeerConnection.swift in Sources */,
				6C56681539394CBC9000F024 /* ProtocolVersion.swift in Sources */,
				E4956A562945267E72104177 /* ScreenCaptureManager.swift in Sources */,
				0C1C54EB9558B0C6662E5DA5 /* Stroke.swift in Sources */,
				F48153F81571A4A72DEC7D30 /* StrokeHitTesting.swift in Sources */,
				84F1AE2724A140BB626EE415 /* StrokePoint.swift in Sources */,
				928F85AEC0EF55D0B73D1ADD /* StrokeStyle.swift in Sources */,
			);
			runOnlyForDeploymentPostprocessing = 0;
		};
		85DB051CEAA29BF7A8FBBD84 /* Sources */ = {
			isa = PBXSourcesBuildPhase;
			buildActionMask = 2147483647;
			files = (
				F1F38035525CC7467EC0729E /* ConnectionChannel.swift in Sources */,
				3E5B8E5466F1D55CA6692C48 /* ControlPacket.swift in Sources */,
				470A80DA5C4266D798D46C7A /* CoordinateMapper.swift in Sources */,
				B40EBA6481430A0B5242993A /* DiscoveryView.swift in Sources */,
				49616D6F4533D45DACBB09E1 /* DisplayDescriptor.swift in Sources */,
				FD36808E65D18E1B7B3C2CA1 /* DrawPadLogger.swift in Sources */,
				5B6D653B3C0CA440A0835078 /* DrawPadiPadApp.swift in Sources */,
				788C05CE4321646E7A21BC7E /* DrawingScreen.swift in Sources */,
				55851FBDEA1177BCCE663B2D /* DrawingState.swift in Sources */,
				21C0A33920E4A4A808E26754 /* DrawingTool.swift in Sources */,
				47C6C8545A5FF6612B09F892 /* DrawingToolbar.swift in Sources */,
				60F35E73575BAFABBFD9AA9F /* H264Decoder.swift in Sources */,
				66D60F884126403867EF0A0B /* PacketFramer.swift in Sources */,
				A1AA82EFBE2D43BEB4ED7C85 /* PeerConnection.swift in Sources */,
				D25FDE6E511818A11CE51990 /* ProtocolVersion.swift in Sources */,
				A96217E40935F6E7E3C69B57 /* Stroke.swift in Sources */,
				E15265467DB67FCB1D0C5A87 /* StrokeHitTesting.swift in Sources */,
				769D2C989EDF257A4C1F6D9C /* StrokePoint.swift in Sources */,
				3AB3086CF49B9CEC2405BDAB /* StrokeStyle.swift in Sources */,
				604AB75AA916D011722472B7 /* TouchDrawingView.swift in Sources */,
				39C855BDC18F8166557062FC /* VideoDisplayView.swift in Sources */,
				CD9316A280AAC9AFA0C1F1E3 /* iPadNetworkClient.swift in Sources */,
			);
			runOnlyForDeploymentPostprocessing = 0;
		};
		BC47D50FD51413BBAA401152 /* Sources */ = {
			isa = PBXSourcesBuildPhase;
			buildActionMask = 2147483647;
			files = (
				40B0CDA8174993DE996DC41B /* ConnectionChannel.swift in Sources */,
				F22FD5AD659D555640586AC2 /* ControlPacket.swift in Sources */,
				34AE6624431843CB26D04878 /* ControlPacketTests.swift in Sources */,
				16FCC8D680DF3A1DDDD5F0B0 /* CoordinateMapper.swift in Sources */,
				D232BB716E038FD37B1E8A6E /* CoordinateMapperTests.swift in Sources */,
				38BFA26AFEC661DBBEF9FBDF /* DisplayDescriptor.swift in Sources */,
				43EAFC95711AA4E4B3F22E33 /* DrawPadLogger.swift in Sources */,
				55E954BD4D4C218B92BE52FF /* DrawingState.swift in Sources */,
				E4CB6CF1114697B26D54CC18 /* DrawingTool.swift in Sources */,
				1C2394EC6F776AF8EF7CFF76 /* PacketFramer.swift in Sources */,
				FBBECE93D6DE1902DA0B594F /* PacketFramerTests.swift in Sources */,
				1B17C6D20741D0AF861B8C9C /* PeerConnection.swift in Sources */,
				D1DDCBFEF6D666AEABAE921B /* ProtocolVersion.swift in Sources */,
				5A8441971662D53237481943 /* Stroke.swift in Sources */,
				5F36555D07A7610F8EA4D051 /* StrokeHitTesting.swift in Sources */,
				43EA0EB9F8C9E34299A18357 /* StrokeHitTestingTests.swift in Sources */,
				57532184A5C0376820C084F9 /* StrokePoint.swift in Sources */,
				39E2F04095ED0B13E9CD7FD5 /* StrokeStyle.swift in Sources */,
			);
			runOnlyForDeploymentPostprocessing = 0;
		};
/* End PBXSourcesBuildPhase section */

/* Begin XCBuildConfiguration section */
		0CC6CFB6101A5837448A26AE /* Release */ = {
			isa = XCBuildConfiguration;
			buildSettings = {
				ASSETCATALOG_COMPILER_APPICON_NAME = AppIcon;
				CODE_SIGN_IDENTITY = "iPhone Developer";
				CODE_SIGN_STYLE = Automatic;
				DEVELOPMENT_TEAM = M3A5V2ZKZ4;
				GENERATE_INFOPLIST_FILE = NO;
				INFOPLIST_FILE = iPadOS/Info.plist;
				LD_RUNPATH_SEARCH_PATHS = (
					"$(inherited)",
					"@executable_path/Frameworks",
				);
				PRODUCT_BUNDLE_IDENTIFIER = com.example.drawpad.ipad;
				SDKROOT = iphoneos;
				TARGETED_DEVICE_FAMILY = 2;
			};
			name = Release;
		};
		3BF2418CCCC476AC5C8AB47A /* Debug */ = {
			isa = XCBuildConfiguration;
			buildSettings = {
				ASSETCATALOG_COMPILER_APPICON_NAME = AppIcon;
				CODE_SIGN_ENTITLEMENTS = macOS/DrawPadMac.entitlements;
				CODE_SIGN_STYLE = Automatic;
				COMBINE_HIDPI_IMAGES = YES;
				DEVELOPMENT_TEAM = M3A5V2ZKZ4;
				GENERATE_INFOPLIST_FILE = YES;
				INFOPLIST_KEY_CFBundleDisplayName = DrawPad;
				INFOPLIST_KEY_LSApplicationCategoryType = "public.app-category.graphics-design";
				LD_RUNPATH_SEARCH_PATHS = (
					"$(inherited)",
					"@executable_path/../Frameworks",
				);
				PRODUCT_BUNDLE_IDENTIFIER = com.example.drawpad.mac;
				SDKROOT = macosx;
			};
			name = Debug;
		};
		566F9CF925F8637CE893BD63 /* Release */ = {
			isa = XCBuildConfiguration;
			buildSettings = {
				ASSETCATALOG_COMPILER_APPICON_NAME = AppIcon;
				CODE_SIGN_ENTITLEMENTS = macOS/DrawPadMac.entitlements;
				CODE_SIGN_STYLE = Automatic;
				COMBINE_HIDPI_IMAGES = YES;
				DEVELOPMENT_TEAM = M3A5V2ZKZ4;
				GENERATE_INFOPLIST_FILE = YES;
				INFOPLIST_KEY_CFBundleDisplayName = DrawPad;
				INFOPLIST_KEY_LSApplicationCategoryType = "public.app-category.graphics-design";
				LD_RUNPATH_SEARCH_PATHS = (
					"$(inherited)",
					"@executable_path/../Frameworks",
				);
				PRODUCT_BUNDLE_IDENTIFIER = com.example.drawpad.mac;
				SDKROOT = macosx;
			};
			name = Release;
		};
		BBACB2A53555D214127AA305 /* Debug */ = {
			isa = XCBuildConfiguration;
			buildSettings = {
				BUNDLE_LOADER = "$(TEST_HOST)";
				COMBINE_HIDPI_IMAGES = YES;
				GENERATE_INFOPLIST_FILE = YES;
				LD_RUNPATH_SEARCH_PATHS = (
					"$(inherited)",
					"@executable_path/../Frameworks",
					"@loader_path/../Frameworks",
				);
				PRODUCT_BUNDLE_IDENTIFIER = com.example.drawpad.tests;
				SDKROOT = macosx;
			};
			name = Debug;
		};
		CEED23BEDB7A7200117A5D59 /* Debug */ = {
			isa = XCBuildConfiguration;
			buildSettings = {
				ASSETCATALOG_COMPILER_APPICON_NAME = AppIcon;
				CODE_SIGN_IDENTITY = "iPhone Developer";
				CODE_SIGN_STYLE = Automatic;
				DEVELOPMENT_TEAM = M3A5V2ZKZ4;
				GENERATE_INFOPLIST_FILE = NO;
				INFOPLIST_FILE = iPadOS/Info.plist;
				LD_RUNPATH_SEARCH_PATHS = (
					"$(inherited)",
					"@executable_path/Frameworks",
				);
				PRODUCT_BUNDLE_IDENTIFIER = com.example.drawpad.ipad;
				SDKROOT = iphoneos;
				TARGETED_DEVICE_FAMILY = 2;
			};
			name = Debug;
		};
		D83F2AD3BB44F420F081FF4F /* Release */ = {
			isa = XCBuildConfiguration;
			buildSettings = {
				BUNDLE_LOADER = "$(TEST_HOST)";
				COMBINE_HIDPI_IMAGES = YES;
				GENERATE_INFOPLIST_FILE = YES;
				LD_RUNPATH_SEARCH_PATHS = (
					"$(inherited)",
					"@executable_path/../Frameworks",
					"@loader_path/../Frameworks",
				);
				PRODUCT_BUNDLE_IDENTIFIER = com.example.drawpad.tests;
				SDKROOT = macosx;
			};
			name = Release;
		};
		E9FADCC0CB2856C825283A04 /* Release */ = {
			isa = XCBuildConfiguration;
			buildSettings = {
				ALWAYS_SEARCH_USER_PATHS = NO;
				CLANG_ANALYZER_NONNULL = YES;
				CLANG_ANALYZER_NUMBER_OBJECT_CONVERSION = YES_AGGRESSIVE;
				CLANG_CXX_LANGUAGE_STANDARD = "gnu++14";
				CLANG_CXX_LIBRARY = "libc++";
				CLANG_ENABLE_MODULES = YES;
				CLANG_ENABLE_OBJC_ARC = YES;
				CLANG_ENABLE_OBJC_WEAK = YES;
				CLANG_WARN_BLOCK_CAPTURE_AUTORELEASING = YES;
				CLANG_WARN_BOOL_CONVERSION = YES;
				CLANG_WARN_COMMA = YES;
				CLANG_WARN_CONSTANT_CONVERSION = YES;
				CLANG_WARN_DEPRECATED_OBJC_IMPLEMENTATIONS = YES;
				CLANG_WARN_DIRECT_OBJC_ISA_USAGE = YES_ERROR;
				CLANG_WARN_DOCUMENTATION_COMMENTS = YES;
				CLANG_WARN_EMPTY_BODY = YES;
				CLANG_WARN_ENUM_CONVERSION = YES;
				CLANG_WARN_INFINITE_RECURSION = YES;
				CLANG_WARN_INT_CONVERSION = YES;
				CLANG_WARN_NON_LITERAL_NULL_CONVERSION = YES;
				CLANG_WARN_OBJC_IMPLICIT_RETAIN_SELF = YES;
				CLANG_WARN_OBJC_LITERAL_CONVERSION = YES;
				CLANG_WARN_OBJC_ROOT_CLASS = YES_ERROR;
				CLANG_WARN_QUOTED_INCLUDE_IN_FRAMEWORK_HEADER = YES;
				CLANG_WARN_RANGE_LOOP_ANALYSIS = YES;
				CLANG_WARN_STRICT_PROTOTYPES = YES;
				CLANG_WARN_SUSPICIOUS_MOVE = YES;
				CLANG_WARN_UNGUARDED_AVAILABILITY = YES_AGGRESSIVE;
				CLANG_WARN_UNREACHABLE_CODE = YES;
				CLANG_WARN__DUPLICATE_METHOD_MATCH = YES;
				COPY_PHASE_STRIP = NO;
				DEBUG_INFORMATION_FORMAT = "dwarf-with-dsym";
				ENABLE_NS_ASSERTIONS = NO;
				ENABLE_STRICT_OBJC_MSGSEND = YES;
				ENABLE_USER_SCRIPT_SANDBOXING = YES;
				GCC_C_LANGUAGE_STANDARD = gnu11;
				GCC_NO_COMMON_BLOCKS = YES;
				GCC_WARN_64_TO_32_BIT_CONVERSION = YES;
				GCC_WARN_ABOUT_RETURN_TYPE = YES_ERROR;
				GCC_WARN_UNDECLARED_SELECTOR = YES;
				GCC_WARN_UNINITIALIZED_AUTOS = YES_AGGRESSIVE;
				GCC_WARN_UNUSED_FUNCTION = YES;
				GCC_WARN_UNUSED_VARIABLE = YES;
				IPHONEOS_DEPLOYMENT_TARGET = 18.0;
				MACOSX_DEPLOYMENT_TARGET = 15.0;
				MTL_ENABLE_DEBUG_INFO = NO;
				MTL_FAST_MATH = YES;
				PRODUCT_NAME = "$(TARGET_NAME)";
				SWIFT_COMPILATION_MODE = wholemodule;
				SWIFT_OPTIMIZATION_LEVEL = "-O";
				SWIFT_STRICT_CONCURRENCY = complete;
				SWIFT_VERSION = 6.0;
			};
			name = Release;
		};
		F21C1397528FE61D14727C78 /* Debug */ = {
			isa = XCBuildConfiguration;
			buildSettings = {
				ALWAYS_SEARCH_USER_PATHS = NO;
				CLANG_ANALYZER_NONNULL = YES;
				CLANG_ANALYZER_NUMBER_OBJECT_CONVERSION = YES_AGGRESSIVE;
				CLANG_CXX_LANGUAGE_STANDARD = "gnu++14";
				CLANG_CXX_LIBRARY = "libc++";
				CLANG_ENABLE_MODULES = YES;
				CLANG_ENABLE_OBJC_ARC = YES;
				CLANG_ENABLE_OBJC_WEAK = YES;
				CLANG_WARN_BLOCK_CAPTURE_AUTORELEASING = YES;
				CLANG_WARN_BOOL_CONVERSION = YES;
				CLANG_WARN_COMMA = YES;
				CLANG_WARN_CONSTANT_CONVERSION = YES;
				CLANG_WARN_DEPRECATED_OBJC_IMPLEMENTATIONS = YES;
				CLANG_WARN_DIRECT_OBJC_ISA_USAGE = YES_ERROR;
				CLANG_WARN_DOCUMENTATION_COMMENTS = YES;
				CLANG_WARN_EMPTY_BODY = YES;
				CLANG_WARN_ENUM_CONVERSION = YES;
				CLANG_WARN_INFINITE_RECURSION = YES;
				CLANG_WARN_INT_CONVERSION = YES;
				CLANG_WARN_NON_LITERAL_NULL_CONVERSION = YES;
				CLANG_WARN_OBJC_IMPLICIT_RETAIN_SELF = YES;
				CLANG_WARN_OBJC_LITERAL_CONVERSION = YES;
				CLANG_WARN_OBJC_ROOT_CLASS = YES_ERROR;
				CLANG_WARN_QUOTED_INCLUDE_IN_FRAMEWORK_HEADER = YES;
				CLANG_WARN_RANGE_LOOP_ANALYSIS = YES;
				CLANG_WARN_STRICT_PROTOTYPES = YES;
				CLANG_WARN_SUSPICIOUS_MOVE = YES;
				CLANG_WARN_UNGUARDED_AVAILABILITY = YES_AGGRESSIVE;
				CLANG_WARN_UNREACHABLE_CODE = YES;
				CLANG_WARN__DUPLICATE_METHOD_MATCH = YES;
				COPY_PHASE_STRIP = NO;
				DEBUG_INFORMATION_FORMAT = dwarf;
				ENABLE_STRICT_OBJC_MSGSEND = YES;
				ENABLE_TESTABILITY = YES;
				ENABLE_USER_SCRIPT_SANDBOXING = YES;
				GCC_C_LANGUAGE_STANDARD = gnu11;
				GCC_DYNAMIC_NO_PIC = NO;
				GCC_NO_COMMON_BLOCKS = YES;
				GCC_OPTIMIZATION_LEVEL = 0;
				GCC_PREPROCESSOR_DEFINITIONS = (
					"$(inherited)",
					"DEBUG=1",
				);
				GCC_WARN_64_TO_32_BIT_CONVERSION = YES;
				GCC_WARN_ABOUT_RETURN_TYPE = YES_ERROR;
				GCC_WARN_UNDECLARED_SELECTOR = YES;
				GCC_WARN_UNINITIALIZED_AUTOS = YES_AGGRESSIVE;
				GCC_WARN_UNUSED_FUNCTION = YES;
				GCC_WARN_UNUSED_VARIABLE = YES;
				IPHONEOS_DEPLOYMENT_TARGET = 18.0;
				MACOSX_DEPLOYMENT_TARGET = 15.0;
				MTL_ENABLE_DEBUG_INFO = INCLUDE_SOURCE;
				MTL_FAST_MATH = YES;
				ONLY_ACTIVE_ARCH = YES;
				PRODUCT_NAME = "$(TARGET_NAME)";
				SWIFT_ACTIVE_COMPILATION_CONDITIONS = DEBUG;
				SWIFT_OPTIMIZATION_LEVEL = "-Onone";
				SWIFT_STRICT_CONCURRENCY = complete;
				SWIFT_VERSION = 6.0;
			};
			name = Debug;
		};
/* End XCBuildConfiguration section */

/* Begin XCConfigurationList section */
		28F898103EBE2AEBE64A7B6D /* Build configuration list for PBXNativeTarget "DrawPadTests" */ = {
			isa = XCConfigurationList;
			buildConfigurations = (
				BBACB2A53555D214127AA305 /* Debug */,
				D83F2AD3BB44F420F081FF4F /* Release */,
			);
			defaultConfigurationIsVisible = 0;
			defaultConfigurationName = Debug;
		};
		C38A75280C123EC30EC8FB87 /* Build configuration list for PBXNativeTarget "DrawPadiPad" */ = {
			isa = XCConfigurationList;
			buildConfigurations = (
				CEED23BEDB7A7200117A5D59 /* Debug */,
				0CC6CFB6101A5837448A26AE /* Release */,
			);
			defaultConfigurationIsVisible = 0;
			defaultConfigurationName = Debug;
		};
		E88661E19DC483BB21032BEE /* Build configuration list for PBXNativeTarget "DrawPadMac" */ = {
			isa = XCConfigurationList;
			buildConfigurations = (
				3BF2418CCCC476AC5C8AB47A /* Debug */,
				566F9CF925F8637CE893BD63 /* Release */,
			);
			defaultConfigurationIsVisible = 0;
			defaultConfigurationName = Debug;
		};
		F0DD6A3F54D71D4E6D70E8BF /* Build configuration list for PBXProject "DrawPad" */ = {
			isa = XCConfigurationList;
			buildConfigurations = (
				F21C1397528FE61D14727C78 /* Debug */,
				E9FADCC0CB2856C825283A04 /* Release */,
			);
			defaultConfigurationIsVisible = 0;
			defaultConfigurationName = Debug;
		};
/* End XCConfigurationList section */
	};
	rootObject = 044993620E2506AB73C22AD1 /* Project object */;
}
